
Microsoft Visual Studio Solution File, Format Version 12.00
# Visual Studio Version 17
VisualStudioVersion = 17.0.31903.59
MinimumVisualStudioVersion = 10.0.40219.1
Project("{FAE04EC0-301F-11D3-BF4B-00C04F79EFBC}") = "Domain", "Domain\Domain.csproj", "{E1187E3B-4A6D-428C-90D1-21E57B97B9E7}"
EndProject
Project("{FAE04EC0-301F-11D3-BF4B-00C04F79EFBC}") = "Infrastructure", "Infrastructure\Infrastructure.csproj", "{DA0AEB3D-15FC-42C0-97ED-E12E3F8B71D0}"
EndProject
Project("{FAE04EC0-301F-11D3-BF4B-00C04F79EFBC}") = "WebApi", "WebApi\WebApi.csproj", "{88E7FCE1-6837-4DDD-92CF-4456B1B98EDF}"
EndProject
Global
	GlobalSection(SolutionConfigurationPlatforms) = preSolution
		Debug|Any CPU = Debug|Any CPU
		Release|Any CPU = Release|Any CPU
	EndGlobalSection
	GlobalSection(SolutionProperties) = preSolution
		HideSolutionNode = FALSE
	EndGlobalSection
	GlobalSection(ProjectConfigurationPlatforms) = postSolution
		{E1187E3B-4A6D-428C-90D1-21E57B97B9E7}.Debug|Any CPU.ActiveCfg = Debug|Any CPU
		{E1187E3B-4A6D-428C-90D1-21E57B97B9E7}.Debug|Any CPU.Build.0 = Debug|Any CPU
		{E1187E3B-4A6D-428C-90D1-21E57B97B9E7}.Release|Any CPU.ActiveCfg = Release|Any CPU
		{E1187E3B-4A6D-428C-90D1-21E57B97B9E7}.Release|Any CPU.Build.0 = Release|Any CPU
		{DA0AEB3D-15FC-42C0-97ED-E12E3F8B71D0}.Debug|Any CPU.ActiveCfg = Debug|Any CPU
		{DA0AEB3D-15FC-42C0-97ED-E12E3F8B71D0}.Debug|Any CPU.Build.0 = Debug|Any CPU
		{DA0AEB3D-15FC-42C0-97ED-E12E3F8B71D0}.Release|Any CPU.ActiveCfg = Release|Any CPU
		{DA0AEB3D-15FC-42C0-97ED-E12E3F8B71D0}.Release|Any CPU.Build.0 = Release|Any CPU
		{88E7FCE1-6837-4DDD-92CF-4456B1B98EDF}.Debug|Any CPU.ActiveCfg = Debug|Any CPU
		{88E7FCE1-6837-4DDD-92CF-4456B1B98EDF}.Debug|Any CPU.Build.0 = Debug|Any CPU
		{88E7FCE1-6837-4DDD-92CF-4456B1B98EDF}.Release|Any CPU.ActiveCfg = Release|Any CPU
		{88E7FCE1-6837-4DDD-92CF-4456B1B98EDF}.Release|Any CPU.Build.0 = Release|Any CPU
	EndGlobalSection
EndGlobal
